
Microsoft Visual Studio Solution File, Format Version 12.00
# Visual Studio 2017
Project("{FAE04EC0-301F-11D3-BF4B-00C04F79EFBC}") = "PlantsVsZombies", "PlantsVsZombies.csproj", "{0BD3625D-B91F-07D9-B380-77395372A770}"
EndProject
Project("{FAE04EC0-301F-11D3-BF4B-00C04F79EFBC}") = "PlantsVsZombies.Editor", "PlantsVsZombies.Editor.csproj", "{C1C0C236-EAFE-767F-3488-F090DC13D53A}"
EndProject
Global
	GlobalSection(SolutionConfigurationPlatforms) = preSolution
		Debug|Any CPU = Debug|Any CPU
		Release|Any CPU = Release|Any CPU
	EndGlobalSection
	GlobalSection(ProjectConfigurationPlatforms) = postSolution
		{0BD3625D-B91F-07D9-B380-77395372A770}.Debug|Any CPU.ActiveCfg = Debug|Any CPU
		{0BD3625D-B91F-07D9-B380-77395372A770}.Debug|Any CPU.Build.0 = Debug|Any CPU
		{0BD3625D-B91F-07D9-B380-77395372A770}.Release|Any CPU.ActiveCfg = Release|Any CPU
		{0BD3625D-B91F-07D9-B380-77395372A770}.Release|Any CPU.Build.0 = Release|Any CPU
		{C1C0C236-EAFE-767F-3488-F090DC13D53A}.Debug|Any CPU.ActiveCfg = Debug|Any CPU
		{C1C0C236-EAFE-767F-3488-F090DC13D53A}.Debug|Any CPU.Build.0 = Debug|Any CPU
		{C1C0C236-EAFE-767F-3488-F090DC13D53A}.Release|Any CPU.ActiveCfg = Release|Any CPU
		{C1C0C236-EAFE-767F-3488-F090DC13D53A}.Release|Any CPU.Build.0 = Release|Any CPU
	EndGlobalSection
	GlobalSection(SolutionProperties) = preSolution
		HideSolutionNode = FALSE
	EndGlobalSection
EndGlobal
